
Microsoft Visual Studio Solution File, Format Version 12.00
# Visual Studio Version 17
VisualStudioVersion = 17.8.34511.84
MinimumVisualStudioVersion = 10.0.40219.1
Project("{888888A0-9F3D-457C-B088-3A5042F75D52}") = "mad libs generator", "mad libs generator.pyproj", "{BA24F776-01D6-4C0C-9632-5671E9E53452}"
EndProject
Global
	GlobalSection(SolutionConfigurationPlatforms) = preSolution
		Debug|Any CPU = Debug|Any CPU
		Release|Any CPU = Release|Any CPU
	EndGlobalSection
	GlobalSection(ProjectConfigurationPlatforms) = postSolution
		{BA24F776-01D6-4C0C-9632-5671E9E53452}.Debug|Any CPU.ActiveCfg = Debug|Any CPU
		{BA24F776-01D6-4C0C-9632-5671E9E53452}.Release|Any CPU.ActiveCfg = Release|Any CPU
	EndGlobalSection
	GlobalSection(SolutionProperties) = preSolution
		HideSolutionNode = FALSE
	EndGlobalSection
	GlobalSection(ExtensibilityGlobals) = postSolution
		SolutionGuid = {CD9D26BC-1264-450C-8695-04EB7972AB7B}
	EndGlobalSection
EndGlobal
